
Microsoft Visual Studio Solution File, Format Version 12.00
Project("{FAE04EC0-301F-11D3-BF4B-00C04F79EFBC}") = "lab4_20", "lab4_20\lab4_20.csproj", "{C1CDD6C4-11D1-4B54-AAF3-36F202685279}"
EndProject
Global
	GlobalSection(SolutionConfigurationPlatforms) = preSolution
		Debug|Any CPU = Debug|Any CPU
		Release|Any CPU = Release|Any CPU
	EndGlobalSection
	GlobalSection(ProjectConfigurationPlatforms) = postSolution
		{C1CDD6C4-11D1-4B54-AAF3-36F202685279}.Debug|Any CPU.ActiveCfg = Debug|Any CPU
		{C1CDD6C4-11D1-4B54-AAF3-36F202685279}.Debug|Any CPU.Build.0 = Debug|Any CPU
		{C1CDD6C4-11D1-4B54-AAF3-36F202685279}.Release|Any CPU.ActiveCfg = Release|Any CPU
		{C1CDD6C4-11D1-4B54-AAF3-36F202685279}.Release|Any CPU.Build.0 = Release|Any CPU
	EndGlobalSection
EndGlobal
